
Microsoft Visual Studio Solution File, Format Version 12.00
# Visual Studio Version 17
VisualStudioVersion = 17.14.36518.9 d17.14
MinimumVisualStudioVersion = 10.0.40219.1
Project("{FAE04EC0-301F-11D3-BF4B-00C04F79EFBC}") = "GlobalLinkConsulting.Mvc", "GlobalLinkConsulting.Mvc.csproj", "{E696803F-4C9F-D2CD-CDCA-6654B4D7E6D1}"
EndProject
Global
	GlobalSection(SolutionConfigurationPlatforms) = preSolution
		Debug|Any CPU = Debug|Any CPU
		Release|Any CPU = Release|Any CPU
	EndGlobalSection
	GlobalSection(ProjectConfigurationPlatforms) = postSolution
		{E696803F-4C9F-D2CD-CDCA-6654B4D7E6D1}.Debug|Any CPU.ActiveCfg = Debug|Any CPU
		{E696803F-4C9F-D2CD-CDCA-6654B4D7E6D1}.Debug|Any CPU.Build.0 = Debug|Any CPU
		{E696803F-4C9F-D2CD-CDCA-6654B4D7E6D1}.Release|Any CPU.ActiveCfg = Release|Any CPU
		{E696803F-4C9F-D2CD-CDCA-6654B4D7E6D1}.Release|Any CPU.Build.0 = Release|Any CPU
	EndGlobalSection
	GlobalSection(SolutionProperties) = preSolution
		HideSolutionNode = FALSE
	EndGlobalSection
	GlobalSection(ExtensibilityGlobals) = postSolution
		SolutionGuid = {BBF6E40E-755B-483F-9772-A9C92ABF7DD3}
	EndGlobalSection
EndGlobal
